
Microsoft Visual Studio Solution File, Format Version 12.00
# Visual Studio Version 16
VisualStudioVersion = 16.0.31019.35
MinimumVisualStudioVersion = 10.0.40219.1
Project("{9A19103F-16F7-4668-BE54-9A1E7A4F7556}") = "Mapper", "Mapper\Mapper.csproj", "{F4F6B7E5-17E5-415F-9499-531939B042FA}"
EndProject
Project("{FAE04EC0-301F-11D3-BF4B-00C04F79EFBC}") = "Mapper.ViewModels", "Mapper.ViewModels\Mapper.ViewModels.csproj", "{E404207E-A000-4ADE-9B0A-06C30FE24573}"
EndProject
Global
	GlobalSection(SolutionConfigurationPlatforms) = preSolution
		Debug|Any CPU = Debug|Any CPU
		Release|Any CPU = Release|Any CPU
	EndGlobalSection
	GlobalSection(ProjectConfigurationPlatforms) = postSolution
		{F4F6B7E5-17E5-415F-9499-531939B042FA}.Debug|Any CPU.ActiveCfg = Debug|Any CPU
		{F4F6B7E5-17E5-415F-9499-531939B042FA}.Debug|Any CPU.Build.0 = Debug|Any CPU
		{F4F6B7E5-17E5-415F-9499-531939B042FA}.Release|Any CPU.ActiveCfg = Release|Any CPU
		{F4F6B7E5-17E5-415F-9499-531939B042FA}.Release|Any CPU.Build.0 = Release|Any CPU
		{E404207E-A000-4ADE-9B0A-06C30FE24573}.Debug|Any CPU.ActiveCfg = Debug|Any CPU
		{E404207E-A000-4ADE-9B0A-06C30FE24573}.Debug|Any CPU.Build.0 = Debug|Any CPU
		{E404207E-A000-4ADE-9B0A-06C30FE24573}.Release|Any CPU.ActiveCfg = Release|Any CPU
		{E404207E-A000-4ADE-9B0A-06C30FE24573}.Release|Any CPU.Build.0 = Release|Any CPU
	EndGlobalSection
	GlobalSection(SolutionProperties) = preSolution
		HideSolutionNode = FALSE
	EndGlobalSection
	GlobalSection(ExtensibilityGlobals) = postSolution
		SolutionGuid = {69C67920-F1EF-472F-8CBB-E4ED5A748018}
	EndGlobalSection
EndGlobal
